
Microsoft Visual Studio Solution File, Format Version 12.00
# Visual Studio 14
VisualStudioVersion = 14.0.24720.0
MinimumVisualStudioVersion = 10.0.40219.1
Project("{FAE04EC0-301F-11D3-BF4B-00C04F79EFBC}") = "aws-apigateway-importer.net", "src\aws-apigateway-importer.net\aws-apigateway-importer.net.csproj", "{365747C1-AE08-4795-903F-C25152D2967B}"
EndProject
Project("{2150E333-8FDC-42A3-9474-1A3956D46DE8}") = ".files", ".files", "{30F0370F-1937-4238-BA97-10C734100DF5}"
	ProjectSection(SolutionItems) = preProject
		README.md = README.md
		swagger.json = swagger.json
	EndProjectSection
	ProjectSection(FolderGlobals) = preProject
		__JSONSchema = https://github.com/OAI/OpenAPI-Specification/blob/master/schemas/v2.0/schema.json
	EndProjectSection
EndProject
Global
	GlobalSection(SolutionConfigurationPlatforms) = preSolution
		Debug|Any CPU = Debug|Any CPU
		Release|Any CPU = Release|Any CPU
	EndGlobalSection
	GlobalSection(ProjectConfigurationPlatforms) = postSolution
		{365747C1-AE08-4795-903F-C25152D2967B}.Debug|Any CPU.ActiveCfg = Debug|Any CPU
		{365747C1-AE08-4795-903F-C25152D2967B}.Debug|Any CPU.Build.0 = Debug|Any CPU
		{365747C1-AE08-4795-903F-C25152D2967B}.Release|Any CPU.ActiveCfg = Release|Any CPU
		{365747C1-AE08-4795-903F-C25152D2967B}.Release|Any CPU.Build.0 = Release|Any CPU
	EndGlobalSection
	GlobalSection(SolutionProperties) = preSolution
		HideSolutionNode = FALSE
	EndGlobalSection
EndGlobal
